
Microsoft Visual Studio Solution File, Format Version 12.00
# Visual Studio Version 17
VisualStudioVersion = 17.13.35818.85 d17.13
MinimumVisualStudioVersion = 10.0.40219.1
Project("{FAE04EC0-301F-11D3-BF4B-00C04F79EFBC}") = "CapSystemFinal", "CapSystemFinal.csproj", "{EA25CE87-D8A3-4644-89B8-4DCB57585699}"
EndProject
Global
	GlobalSection(SolutionConfigurationPlatforms) = preSolution
		Debug|Any CPU = Debug|Any CPU
		Release|Any CPU = Release|Any CPU
	EndGlobalSection
	GlobalSection(ProjectConfigurationPlatforms) = postSolution
		{EA25CE87-D8A3-4644-89B8-4DCB57585699}.Debug|Any CPU.ActiveCfg = Debug|Any CPU
		{EA25CE87-D8A3-4644-89B8-4DCB57585699}.Debug|Any CPU.Build.0 = Debug|Any CPU
		{EA25CE87-D8A3-4644-89B8-4DCB57585699}.Release|Any CPU.ActiveCfg = Release|Any CPU
		{EA25CE87-D8A3-4644-89B8-4DCB57585699}.Release|Any CPU.Build.0 = Release|Any CPU
	EndGlobalSection
	GlobalSection(SolutionProperties) = preSolution
		HideSolutionNode = FALSE
	EndGlobalSection
	GlobalSection(ExtensibilityGlobals) = postSolution
		SolutionGuid = {597F1D21-4F13-49CE-A1E6-7FF10D94D68A}
	EndGlobalSection
EndGlobal
